// This lockfile was autogenerated by Pants. To regenerate, run:
//
//    pants generate-lockfiles --resolve=python-default
//
// --- BEGIN PANTS LOCKFILE METADATA: DO NOT EDIT OR REMOVE ---
// {
//   "version": 3,
//   "valid_for_interpreter_constraints": [
//     "CPython==3.10.*"
//   ],
//   "generated_with_requirements": [
//     "beautifulsoup4==4.11.1",
//     "pillow==10.3.0",
//     "playwright-stealth==1.0.6",
//     "setuptools==63.1.0"
//   ],
//   "manylinux": "manylinux2014",
//   "requirement_constraints": [],
//   "only_binary": [],
//   "no_binary": []
// }
// --- END PANTS LOCKFILE METADATA ---

{
  "allow_builds": true,
  "allow_prereleases": false,
  "allow_wheels": true,
  "build_isolation": true,
  "constraints": [],
  "locked_resolves": [
    {
      "locked_requirements": [
        {
          "artifacts": [
            {
              "algorithm": "sha256",
              "hash": "58d5c3d29f5a36ffeb94f02f0d786cd53014cf9b3b3951d42e0080d8a9498d30",
              "url": "https://files.pythonhosted.org/packages/9c/d8/909c4089dbe4ade9f9705f143c9f13f065049a9d5e7d34c828aefdd0a97c/beautifulsoup4-4.11.1-py3-none-any.whl"
            },
            {
              "algorithm": "sha256",
              "hash": "ad9aa55b65ef2808eb405f46cf74df7fcb7044d5cbc26487f96eb2ef2e436693",
              "url": "https://files.pythonhosted.org/packages/e8/b0/cd2b968000577ec5ce6c741a54d846dfa402372369b8b6861720aa9ecea7/beautifulsoup4-4.11.1.tar.gz"
            }
          ],
          "project_name": "beautifulsoup4",
          "requires_dists": [
            "html5lib; extra == \"html5lib\"",
            "lxml; extra == \"lxml\"",
            "soupsieve>1.2"
          ],
          "requires_python": ">=3.6.0",
          "version": "4.11.1"
        },
        {
          "artifacts": [
            {
              "algorithm": "sha256",
              "hash": "649dde7de1a5eceb258f9cb00bdf50e978c9db1b996964cd80703614c86495eb",
              "url": "https://files.pythonhosted.org/packages/e1/65/506e0a80931170b0dac1a03d36b7fc299f3fa3576235b916718602fff2c3/greenlet-3.0.3-cp310-cp310-musllinux_1_1_x86_64.whl"
            },
            {
              "algorithm": "sha256",
              "hash": "43374442353259554ce33599da8b692d5aa96f8976d567d4badf263371fbe491",
              "url": "https://files.pythonhosted.org/packages/17/14/3bddb1298b9a6786539ac609ba4b7c9c0842e12aa73aaa4d8d73ec8f8185/greenlet-3.0.3.tar.gz"
            },
            {
              "algorithm": "sha256",
              "hash": "dd4f49ae60e10adbc94b45c0b5e6a179acc1736cf7a90160b404076ee283cf83",
              "url": "https://files.pythonhosted.org/packages/1c/2f/64628f6ae48e05f585e0eb3fb7399b52e240ef99f602107b445bf6be23ef/greenlet-3.0.3-cp310-cp310-manylinux_2_17_x86_64.manylinux2014_x86_64.whl"
            },
            {
              "algorithm": "sha256",
              "hash": "73a411ef564e0e097dbe7e866bb2dda0f027e072b04da387282b02c308807405",
              "url": "https://files.pythonhosted.org/packages/24/35/945d5b10648fec9b20bcc6df8952d20bb3bba76413cd71c1fdbee98f5616/greenlet-3.0.3-cp310-cp310-manylinux_2_24_x86_64.manylinux_2_28_x86_64.whl"
            },
            {
              "algorithm": "sha256",
              "hash": "dca1e2f3ca00b84a396bc1bce13dd21f680f035314d2379c4160c98153b2059b",
              "url": "https://files.pythonhosted.org/packages/6c/90/5b14670653f7363fb3e1665f8da6d64bd4c31d53a796d09ef69f48be7273/greenlet-3.0.3-cp310-cp310-manylinux_2_17_ppc64le.manylinux2014_ppc64le.whl"
            },
            {
              "algorithm": "sha256",
              "hash": "7f362975f2d179f9e26928c5b517524e89dd48530a0202570d55ad6ca5d8a56f",
              "url": "https://files.pythonhosted.org/packages/74/00/27e2da76b926e9b5a2c97d3f4c0baf1b7d8181209d3026c0171f621ae6c0/greenlet-3.0.3-cp310-cp310-musllinux_1_1_aarch64.whl"
            },
            {
              "algorithm": "sha256",
              "hash": "9da2bd29ed9e4f15955dd1595ad7bc9320308a3b766ef7f837e23ad4b4aac31a",
              "url": "https://files.pythonhosted.org/packages/a6/64/bea53c592e3e45799f7c8039a8ee7d6883c518eafef1fcae60beb776070f/greenlet-3.0.3-cp310-cp310-macosx_11_0_universal2.whl"
            },
            {
              "algorithm": "sha256",
              "hash": "d353cadd6083fdb056bb46ed07e4340b0869c305c8ca54ef9da3421acbdf6881",
              "url": "https://files.pythonhosted.org/packages/a6/d6/408ad9603339db28ce334021b1403dfcfbcb7501a435d49698408d928de7/greenlet-3.0.3-cp310-cp310-manylinux_2_17_aarch64.manylinux2014_aarch64.whl"
            },
            {
              "algorithm": "sha256",
              "hash": "3ed7fb269f15dc662787f4119ec300ad0702fa1b19d2135a37c2c4de6fadfd4a",
              "url": "https://files.pythonhosted.org/packages/ef/17/e8e72cabfb5a906c0d976d7fbcc88310df292beea0f816efbefdaf694284/greenlet-3.0.3-cp310-cp310-manylinux_2_17_s390x.manylinux2014_s390x.whl"
            }
          ],
          "project_name": "greenlet",
          "requires_dists": [
            "Sphinx; extra == \"docs\"",
            "furo; extra == \"docs\"",
            "objgraph; extra == \"test\"",
            "psutil; extra == \"test\""
          ],
          "requires_python": ">=3.7",
          "version": "3.0.3"
        },
        {
          "artifacts": [
            {
              "algorithm": "sha256",
              "hash": "16563993329b79513f59142a6b02055e10514c1a8e86dca8b48a893e33cf91e3",
              "url": "https://files.pythonhosted.org/packages/aa/e3/a84acfed7c3ccb23ff58fa68ae9f3ec071d63cfb7885edb6eb48bbc907f7/pillow-10.3.0-pp310-pypy310_pp73-manylinux_2_28_x86_64.whl"
            },
            {
              "algorithm": "sha256",
              "hash": "261ddb7ca91fcf71757979534fb4c128448b5b4c55cb6152d280312062f69599",
              "url": "https://files.pythonhosted.org/packages/01/d7/0d3021e6c2da8f2a5d6f7e97ebf0bf540e69ebe3d0384c207401bfe88ef5/pillow-10.3.0-cp310-cp310-manylinux_2_17_x86_64.manylinux2014_x86_64.whl"
            },
            {
              "algorithm": "sha256",
              "hash": "9e2ec1e921fd07c7cda7962bad283acc2f2a9ccc1b971ee4b216b75fad6f0463",
              "url": "https://files.pythonhosted.org/packages/12/d1/010dca4eaaaeb9da9edb702d2f663b6dac98ff5e84ce09e9d82f96c6a9f3/pillow-10.3.0-pp310-pypy310_pp73-manylinux_2_17_x86_64.manylinux2014_x86_64.whl"
            },
            {
              "algorithm": "sha256",
              "hash": "6b02471b72526ab8a18c39cb7967b72d194ec53c1fd0a70b050565a0f366d355",
              "url": "https://files.pythonhosted.org/packages/67/75/8264c4c1a25b4868050c4c1a923e4aae0bcce2f4032de6ec416decf37dee/pillow-10.3.0-pp310-pypy310_pp73-macosx_10_10_x86_64.whl"
            },
            {
              "algorithm": "sha256",
              "hash": "048eeade4c33fdf7e08da40ef402e748df113fd0b4584e32c4af74fe78baaeb2",
              "url": "https://files.pythonhosted.org/packages/73/9f/cf2523a1c3a98afd0052b11d12d866453a60151bfc5876620e88cd5be55c/pillow-10.3.0-pp310-pypy310_pp73-manylinux_2_17_aarch64.manylinux2014_aarch64.whl"
            },
            {
              "algorithm": "sha256",
              "hash": "ce49c67f4ea0609933d01c0731b34b8695a7a748d6c8d186f95e7d085d2fe475",
              "url": "https://files.pythonhosted.org/packages/88/3c/708d0fc162f3c7099254b488b80ec4aba2a7fbdb958c03279390cf6e1140/pillow-10.3.0-cp310-cp310-manylinux_2_28_aarch64.whl"
            },
            {
              "algorithm": "sha256",
              "hash": "8ab74c06ffdab957d7670c2a5a6e1a70181cd10b727cd788c4dd9005b6a8acd9",
              "url": "https://files.pythonhosted.org/packages/93/59/475343cdbc035cc5d7056c4c37cb1aaad5af05c9ae762508b6f8e8f27bf1/pillow-10.3.0-pp310-pypy310_pp73-macosx_11_0_arm64.whl"
            },
            {
              "algorithm": "sha256",
              "hash": "b14f16f94cbc61215115b9b1236f9c18403c15dd3c52cf629072afa9d54c1cbf",
              "url": "https://files.pythonhosted.org/packages/b5/a2/7a09695dc636bf8d0a1b63022f58701177b7dc6fad30f6d6bc343e5473a4/pillow-10.3.0-cp310-cp310-manylinux_2_28_x86_64.whl"
            },
            {
              "algorithm": "sha256",
              "hash": "78618cdbccaa74d3f88d0ad6cb8ac3007f1a6fa5c6f19af64b55ca170bfa1edf",
              "url": "https://files.pythonhosted.org/packages/bb/a5/7958a4c0941b611a7706db510b9a85939346990df55ea05ecdfffb2b050c/pillow-10.3.0-cp310-cp310-manylinux_2_17_aarch64.manylinux2014_aarch64.whl"
            },
            {
              "algorithm": "sha256",
              "hash": "a2c405445c79c3f5a124573a051062300936b0281fee57637e706453e452746c",
              "url": "https://files.pythonhosted.org/packages/d4/0e/e344d6532f30b3b8de3d7a36fd05d5a43e4164afd1b41882529e766ef959/pillow-10.3.0-cp310-cp310-macosx_11_0_arm64.whl"
            },
            {
              "algorithm": "sha256",
              "hash": "b50811d664d392f02f7761621303eba9d1b056fb1868c8cdf4231279645c25f5",
              "url": "https://files.pythonhosted.org/packages/d5/9f/f19b94322353ca97e3b653255bf26b385ded07582f33eb6cd17f44d2b2bc/pillow-10.3.0-cp310-cp310-musllinux_1_1_x86_64.whl"
            },
            {
              "algorithm": "sha256",
              "hash": "d33891be6df59d93df4d846640f0e46f1a807339f09e79a8040bc887bdcd7ed3",
              "url": "https://files.pythonhosted.org/packages/dd/b8/ff0e2a7f4bba4d0121bfcd06387ea28660d7497ea038f99640bb10015125/pillow-10.3.0-cp310-cp310-musllinux_1_1_aarch64.whl"
            },
            {
              "algorithm": "sha256",
              "hash": "90b9e29824800e90c84e4022dd5cc16eb2d9605ee13f05d47641eb183cd73d45",
              "url": "https://files.pythonhosted.org/packages/e3/a4/cd3e60cda9ff7aa35eeb88325f8fb06898fb49523e367bacc35a5546317a/pillow-10.3.0-cp310-cp310-macosx_10_10_x86_64.whl"
            },
            {
              "algorithm": "sha256",
              "hash": "9d2455fbf44c914840c793e89aa82d0e1763a14253a000743719ae5946814b2d",
              "url": "https://files.pythonhosted.org/packages/ef/43/c50c17c5f7d438e836c169e343695534c38c77f60e7c90389bd77981bc21/pillow-10.3.0.tar.gz"
            },
            {
              "algorithm": "sha256",
              "hash": "4c8e73e99da7db1b4cad7f8d682cf6abad7844da39834c288fbfa394a47bbced",
              "url": "https://files.pythonhosted.org/packages/ff/4c/8c7e9830ccca3219cdf4c1bdd3b0664025c91034a29242aedec5a997cbfe/pillow-10.3.0-pp310-pypy310_pp73-manylinux_2_28_aarch64.whl"
            }
          ],
          "project_name": "pillow",
          "requires_dists": [
            "check-manifest; extra == \"tests\"",
            "coverage; extra == \"tests\"",
            "defusedxml; extra == \"tests\"",
            "defusedxml; extra == \"xmp\"",
            "furo; extra == \"docs\"",
            "markdown2; extra == \"tests\"",
            "olefile; extra == \"docs\"",
            "olefile; extra == \"fpx\"",
            "olefile; extra == \"mic\"",
            "olefile; extra == \"tests\"",
            "packaging; extra == \"tests\"",
            "pyroma; extra == \"tests\"",
            "pytest-cov; extra == \"tests\"",
            "pytest-timeout; extra == \"tests\"",
            "pytest; extra == \"tests\"",
            "sphinx-copybutton; extra == \"docs\"",
            "sphinx-inline-tabs; extra == \"docs\"",
            "sphinx-removed-in; extra == \"docs\"",
            "sphinx>=2.4; extra == \"docs\"",
            "sphinxext-opengraph; extra == \"docs\"",
            "typing-extensions; python_version < \"3.10\" and extra == \"typing\""
          ],
          "requires_python": ">=3.8",
          "version": "10.3.0"
        },
        {
          "artifacts": [
            {
              "algorithm": "sha256",
              "hash": "87191272c40b4c282cf2c9449ca3acaf705f38ac6e2372270f1617ce16b661b8",
              "url": "https://files.pythonhosted.org/packages/e4/5a/511e97a2a08a49628ab69f5ad2892e893a177ed69cdb0663c30586bfee63/playwright-1.43.0-py3-none-manylinux_2_17_aarch64.manylinux2014_aarch64.whl"
            },
            {
              "algorithm": "sha256",
              "hash": "e9ec21b141727392f630761c7f4dec46d80c98243614257cc501b64ff636d337",
              "url": "https://files.pythonhosted.org/packages/4d/fc/e7c1a8696911e5faaa5c480f649deccf633aa2a235c91664748471490576/playwright-1.43.0-py3-none-macosx_11_0_arm64.whl"
            },
            {
              "algorithm": "sha256",
              "hash": "b03b12bd4da9c2cfb78dff820deac8b52892fe3c2f89a4d95d6f08c59e41deb9",
              "url": "https://files.pythonhosted.org/packages/62/10/f0638cbcd25d2e5d06e23aa55f4a575b062e6f35670a46adc53dd5ebcc63/playwright-1.43.0-py3-none-macosx_10_13_x86_64.whl"
            },
            {
              "algorithm": "sha256",
              "hash": "50d9a5c07c76456945a2296d63f78fdf6eb11aed3e8d39bb5ccbda760a8d6d41",
              "url": "https://files.pythonhosted.org/packages/8b/5c/fe3e42ea46038ec69a0c0fd4b8f8d9a633577f5b3c0368b67d73ee33e910/playwright-1.43.0-py3-none-manylinux1_x86_64.whl"
            },
            {
              "algorithm": "sha256",
              "hash": "e05a8d8fb2040c630429cca07e843c8fa33059717837c8f50c01b7d1fc651ce1",
              "url": "https://files.pythonhosted.org/packages/e2/c8/ad2c5ca177c0665648dff1f03d45a965fdcae7ff43849947c98e90f0082e/playwright-1.43.0-py3-none-macosx_11_0_universal2.whl"
            }
          ],
          "project_name": "playwright",
          "requires_dists": [
            "greenlet==3.0.3",
            "pyee==11.1.0"
          ],
          "requires_python": ">=3.8",
          "version": "1.43.0"
        },
        {
          "artifacts": [
            {
              "algorithm": "sha256",
              "hash": "b1b2bcf58eb6859aa53d42c49b91c4e27b74a6d13fc3d0c85eea513dd55efda3",
              "url": "https://files.pythonhosted.org/packages/34/10/60981cb8d8e22487061b98a0803313c4fb519cc95ab1421516304a0cfcd0/playwright_stealth-1.0.6-py3-none-any.whl"
            },
            {
              "algorithm": "sha256",
              "hash": "b504d951d00fac755c7d13665a29611d415180510bd7d23f14ebc89439ba2043",
              "url": "https://files.pythonhosted.org/packages/e5/dc/4e88b517e4c9cfb63f1b0b67d59adddcef2dc2fe0883b90e07119d15895a/playwright-stealth-1.0.6.tar.gz"
            }
          ],
          "project_name": "playwright-stealth",
          "requires_dists": [
            "playwright",
            "pytest; extra == \"test\""
          ],
          "requires_python": "!=3.0.*,!=3.1.*,!=3.2.*,!=3.3.*,!=3.4.*,>=3",
          "version": "1.0.6"
        },
        {
          "artifacts": [
            {
              "algorithm": "sha256",
              "hash": "5d346a7d0f861a4b2e6c47960295bd895f816725b27d656181947346be98d7c1",
              "url": "https://files.pythonhosted.org/packages/16/cc/5cea8a0a0d3deb90b5a0d39ad1a6a1ccaa40a9ea86d793eb8a49d32a6ed0/pyee-11.1.0-py3-none-any.whl"
            },
            {
              "algorithm": "sha256",
              "hash": "b53af98f6990c810edd9b56b87791021a8f54fd13db4edd1142438d44ba2263f",
              "url": "https://files.pythonhosted.org/packages/f7/22/b4c7f3d9579204a014c4eda0e019e6bfe56af52a96cacc82004b60eec079/pyee-11.1.0.tar.gz"
            }
          ],
          "project_name": "pyee",
          "requires_dists": [
            "black; extra == \"dev\"",
            "build; extra == \"dev\"",
            "flake8-black; extra == \"dev\"",
            "flake8; extra == \"dev\"",
            "isort; extra == \"dev\"",
            "jupyter-console; extra == \"dev\"",
            "mkdocs-include-markdown-plugin; extra == \"dev\"",
            "mkdocs; extra == \"dev\"",
            "mkdocstrings[python]; extra == \"dev\"",
            "pytest-asyncio; python_version >= \"3.4\" and extra == \"dev\"",
            "pytest-trio; python_version >= \"3.7\" and extra == \"dev\"",
            "pytest; extra == \"dev\"",
            "sphinx; extra == \"dev\"",
            "toml; extra == \"dev\"",
            "tox; extra == \"dev\"",
            "trio-typing; python_version > \"3.6\" and extra == \"dev\"",
            "trio; extra == \"dev\"",
            "trio; python_version > \"3.6\" and extra == \"dev\"",
            "twine; extra == \"dev\"",
            "twisted; extra == \"dev\"",
            "typing-extensions",
            "validate-pyproject[all]; extra == \"dev\""
          ],
          "requires_python": ">=3.8",
          "version": "11.1.0"
        },
        {
          "artifacts": [
            {
              "algorithm": "sha256",
              "hash": "db3b8e2f922b2a910a29804776c643ea609badb6a32c4bcc226fd4fd902cce65",
              "url": "https://files.pythonhosted.org/packages/ae/7f/6d816941769a7783be4258dd35e28bbf1a64bb36b1b7e0c773eff07fb0a8/setuptools-63.1.0-py3-none-any.whl"
            },
            {
              "algorithm": "sha256",
              "hash": "16923d366ced322712c71ccb97164d07472abeecd13f3a6c283f6d5d26722793",
              "url": "https://files.pythonhosted.org/packages/67/25/42e2d6664c3e106c33ecad8356a55e3ae5d81708c89098061a97fbff7cee/setuptools-63.1.0.tar.gz"
            }
          ],
          "project_name": "setuptools",
          "requires_dists": [
            "build[virtualenv]; extra == \"testing\"",
            "build[virtualenv]; extra == \"testing-integration\"",
            "filelock>=3.4.0; extra == \"testing\"",
            "filelock>=3.4.0; extra == \"testing-integration\"",
            "flake8-2020; extra == \"testing\"",
            "furo; extra == \"docs\"",
            "ini2toml[lite]>=0.9; extra == \"testing\"",
            "jaraco.envs>=2.2; extra == \"testing\"",
            "jaraco.envs>=2.2; extra == \"testing-integration\"",
            "jaraco.packaging>=9; extra == \"docs\"",
            "jaraco.path>=3.2.0; extra == \"testing\"",
            "jaraco.path>=3.2.0; extra == \"testing-integration\"",
            "jaraco.tidelift>=1.4; extra == \"docs\"",
            "mock; extra == \"testing\"",
            "pip-run>=8.8; extra == \"testing\"",
            "pip>=19.1; extra == \"testing\"",
            "pygments-github-lexers==0.0.5; extra == \"docs\"",
            "pytest-black>=0.3.7; platform_python_implementation != \"PyPy\" and extra == \"testing\"",
            "pytest-checkdocs>=2.4; extra == \"testing\"",
            "pytest-cov; platform_python_implementation != \"PyPy\" and extra == \"testing\"",
            "pytest-enabler; extra == \"testing-integration\"",
            "pytest-enabler>=1.3; extra == \"testing\"",
            "pytest-flake8; extra == \"testing\"",
            "pytest-mypy>=0.9.1; platform_python_implementation != \"PyPy\" and extra == \"testing\"",
            "pytest-perf; extra == \"testing\"",
            "pytest-xdist; extra == \"testing\"",
            "pytest-xdist; extra == \"testing-integration\"",
            "pytest; extra == \"testing-integration\"",
            "pytest>=6; extra == \"testing\"",
            "rst.linker>=1.9; extra == \"docs\"",
            "sphinx-favicon; extra == \"docs\"",
            "sphinx-inline-tabs; extra == \"docs\"",
            "sphinx-reredirects; extra == \"docs\"",
            "sphinx; extra == \"docs\"",
            "sphinxcontrib-towncrier; extra == \"docs\"",
            "tomli-w>=1.0.0; extra == \"testing\"",
            "tomli; extra == \"testing-integration\"",
            "virtualenv>=13.0.0; extra == \"testing\"",
            "virtualenv>=13.0.0; extra == \"testing-integration\"",
            "wheel; extra == \"testing\"",
            "wheel; extra == \"testing-integration\""
          ],
          "requires_python": ">=3.7",
          "version": "63.1.0"
        },
        {
          "artifacts": [
            {
              "algorithm": "sha256",
              "hash": "eaa337ff55a1579b6549dc679565eac1e3d000563bcb1c8ab0d0fefbc0c2cdc7",
              "url": "https://files.pythonhosted.org/packages/4c/f3/038b302fdfbe3be7da016777069f26ceefe11a681055ea1f7817546508e3/soupsieve-2.5-py3-none-any.whl"
            },
            {
              "algorithm": "sha256",
              "hash": "5663d5a7b3bfaeee0bc4372e7fc48f9cff4940b3eec54a6451cc5299f1097690",
              "url": "https://files.pythonhosted.org/packages/ce/21/952a240de1c196c7e3fbcd4e559681f0419b1280c617db21157a0390717b/soupsieve-2.5.tar.gz"
            }
          ],
          "project_name": "soupsieve",
          "requires_dists": [],
          "requires_python": ">=3.8",
          "version": "2.5"
        },
        {
          "artifacts": [
            {
              "algorithm": "sha256",
              "hash": "c1f94d72897edaf4ce775bb7558d5b79d8126906a14ea5ed1635921406c0387a",
              "url": "https://files.pythonhosted.org/packages/01/f3/936e209267d6ef7510322191003885de524fc48d1b43269810cd589ceaf5/typing_extensions-4.11.0-py3-none-any.whl"
            },
            {
              "algorithm": "sha256",
              "hash": "83f085bd5ca59c80295fc2a82ab5dac679cbe02b9f33f7d83af68e241bea51b0",
              "url": "https://files.pythonhosted.org/packages/f6/f3/b827b3ab53b4e3d8513914586dcca61c355fa2ce8252dea4da56e67bf8f2/typing_extensions-4.11.0.tar.gz"
            }
          ],
          "project_name": "typing-extensions",
          "requires_dists": [],
          "requires_python": ">=3.8",
          "version": "4.11.0"
        }
      ],
      "platform_tag": null
    }
  ],
  "only_builds": [],
  "only_wheels": [],
  "path_mappings": {},
  "pex_version": "2.2.1",
  "pip_version": "23.1.2",
  "prefer_older_binary": false,
  "requirements": [
    "beautifulsoup4==4.11.1",
    "pillow==10.3.0",
    "playwright-stealth==1.0.6",
    "setuptools==63.1.0"
  ],
  "requires_python": [
    "==3.10.*"
  ],
  "resolver_version": "pip-2020-resolver",
  "style": "universal",
  "target_systems": [
    "linux",
    "mac"
  ],
  "transitive": true,
  "use_pep517": null
}
